
Microsoft Visual Studio Solution File, Format Version 12.00
# Visual Studio Version 16
VisualStudioVersion = 16.0.31112.23
MinimumVisualStudioVersion = 10.0.40219.1
Project("{8BC9CEB8-8B4A-11D0-8D11-00A0C91BC942}") = "1-访问越界", "1-访问越界\1-访问越界.vcxproj", "{AD55CEDB-71EF-466A-A031-7E4672E32305}"
EndProject
Project("{8BC9CEB8-8B4A-11D0-8D11-00A0C91BC942}") = "1-排序算法", "1-排序算法\1-排序算法.vcxproj", "{4967491F-CC6E-4D5D-90F8-A860805733FD}"
EndProject
Project("{8BC9CEB8-8B4A-11D0-8D11-00A0C91BC942}") = "2-位图", "2-位图\2-位图.vcxproj", "{7EBA57B5-E6C4-48D5-A563-4347B3AC8D3E}"
EndProject
Project("{8BC9CEB8-8B4A-11D0-8D11-00A0C91BC942}") = "3-二分查找", "3-二分查找\3-二分查找.vcxproj", "{1E800248-CEDC-4A0A-9CBB-6F7E111764AD}"
EndProject
Project("{8BC9CEB8-8B4A-11D0-8D11-00A0C91BC942}") = "4-哈希查找", "4-哈希查找\4-哈希查找.vcxproj", "{48B1E8CA-1755-4C8F-B13D-72397E59A3B5}"
EndProject
Project("{8BC9CEB8-8B4A-11D0-8D11-00A0C91BC942}") = "5-并查集解决无向图是否连通", "5-并查集解决无向图是否连通\5-并查集解决无向图是否连通.vcxproj", "{1CCC8456-33B8-414F-AD48-E96CF0206A06}"
EndProject
Project("{8BC9CEB8-8B4A-11D0-8D11-00A0C91BC942}") = "6-cin与cout", "6-cin与cout\6-cin与cout.vcxproj", "{B587C80A-5DF6-47D1-BAF6-81129AF6518B}"
EndProject
Project("{8BC9CEB8-8B4A-11D0-8D11-00A0C91BC942}") = "7-vector的基础使用", "7-vector的基础使用\7-vector的基础使用.vcxproj", "{2A862387-2C6B-4184-8D72-F9A3B49F25D0}"
EndProject
Project("{8BC9CEB8-8B4A-11D0-8D11-00A0C91BC942}") = "8-vector的迭代器", "8-vector的迭代器\8-vector的迭代器.vcxproj", "{37336C6C-E8F4-484A-B35E-06637D7ED0C7}"
EndProject
Project("{8BC9CEB8-8B4A-11D0-8D11-00A0C91BC942}") = "9-vector的查找", "9-vector的查找\9-vector的查找.vcxproj", "{D63A5FFD-9359-4670-B1AE-0D32C6E98C2D}"
EndProject
Project("{8BC9CEB8-8B4A-11D0-8D11-00A0C91BC942}") = "10-埃氏筛法", "10-埃氏筛法\10-埃氏筛法.vcxproj", "{746C7A62-7A4D-41BE-A0C9-DBA654FF4711}"
EndProject
Project("{8BC9CEB8-8B4A-11D0-8D11-00A0C91BC942}") = "11-vector嵌套", "11-vector嵌套\11-vector嵌套.vcxproj", "{A3A95AB9-8742-4126-93A7-5283ED58FA61}"
EndProject
Project("{8BC9CEB8-8B4A-11D0-8D11-00A0C91BC942}") = "12-qsort排指针数组", "12-qsort排指针数组\12-qsort排指针数组.vcxproj", "{8309D418-9440-4BB4-8C31-0B5DB165942A}"
EndProject
Project("{8BC9CEB8-8B4A-11D0-8D11-00A0C91BC942}") = "13-合并两个有序链表", "13-合并两个有序链表\13-合并两个有序链表.vcxproj", "{428FE85F-5BDD-4BD3-B34E-8169C7B83203}"
EndProject
Global
	GlobalSection(SolutionConfigurationPlatforms) = preSolution
		Debug|x64 = Debug|x64
		Debug|x86 = Debug|x86
		Release|x64 = Release|x64
		Release|x86 = Release|x86
	EndGlobalSection
	GlobalSection(ProjectConfigurationPlatforms) = postSolution
		{AD55CEDB-71EF-466A-A031-7E4672E32305}.Debug|x64.ActiveCfg = Debug|x64
		{AD55CEDB-71EF-466A-A031-7E4672E32305}.Debug|x64.Build.0 = Debug|x64
		{AD55CEDB-71EF-466A-A031-7E4672E32305}.Debug|x86.ActiveCfg = Debug|Win32
		{AD55CEDB-71EF-466A-A031-7E4672E32305}.Debug|x86.Build.0 = Debug|Win32
		{AD55CEDB-71EF-466A-A031-7E4672E32305}.Release|x64.ActiveCfg = Release|x64
		{AD55CEDB-71EF-466A-A031-7E4672E32305}.Release|x64.Build.0 = Release|x64
		{AD55CEDB-71EF-466A-A031-7E4672E32305}.Release|x86.ActiveCfg = Release|Win32
		{AD55CEDB-71EF-466A-A031-7E4672E32305}.Release|x86.Build.0 = Release|Win32
		{4967491F-CC6E-4D5D-90F8-A860805733FD}.Debug|x64.ActiveCfg = Debug|x64
		{4967491F-CC6E-4D5D-90F8-A860805733FD}.Debug|x64.Build.0 = Debug|x64
		{4967491F-CC6E-4D5D-90F8-A860805733FD}.Debug|x86.ActiveCfg = Debug|Win32
		{4967491F-CC6E-4D5D-90F8-A860805733FD}.Debug|x86.Build.0 = Debug|Win32
		{4967491F-CC6E-4D5D-90F8-A860805733FD}.Release|x64.ActiveCfg = Release|x64
		{4967491F-CC6E-4D5D-90F8-A860805733FD}.Release|x64.Build.0 = Release|x64
		{4967491F-CC6E-4D5D-90F8-A860805733FD}.Release|x86.ActiveCfg = Release|Win32
		{4967491F-CC6E-4D5D-90F8-A860805733FD}.Release|x86.Build.0 = Release|Win32
		{7EBA57B5-E6C4-48D5-A563-4347B3AC8D3E}.Debug|x64.ActiveCfg = Debug|x64
		{7EBA57B5-E6C4-48D5-A563-4347B3AC8D3E}.Debug|x64.Build.0 = Debug|x64
		{7EBA57B5-E6C4-48D5-A563-4347B3AC8D3E}.Debug|x86.ActiveCfg = Debug|Win32
		{7EBA57B5-E6C4-48D5-A563-4347B3AC8D3E}.Debug|x86.Build.0 = Debug|Win32
		{7EBA57B5-E6C4-48D5-A563-4347B3AC8D3E}.Release|x64.ActiveCfg = Release|x64
		{7EBA57B5-E6C4-48D5-A563-4347B3AC8D3E}.Release|x64.Build.0 = Release|x64
		{7EBA57B5-E6C4-48D5-A563-4347B3AC8D3E}.Release|x86.ActiveCfg = Release|Win32
		{7EBA57B5-E6C4-48D5-A563-4347B3AC8D3E}.Release|x86.Build.0 = Release|Win32
		{1E800248-CEDC-4A0A-9CBB-6F7E111764AD}.Debug|x64.ActiveCfg = Debug|x64
		{1E800248-CEDC-4A0A-9CBB-6F7E111764AD}.Debug|x64.Build.0 = Debug|x64
		{1E800248-CEDC-4A0A-9CBB-6F7E111764AD}.Debug|x86.ActiveCfg = Debug|Win32
		{1E800248-CEDC-4A0A-9CBB-6F7E111764AD}.Debug|x86.Build.0 = Debug|Win32
		{1E800248-CEDC-4A0A-9CBB-6F7E111764AD}.Release|x64.ActiveCfg = Release|x64
		{1E800248-CEDC-4A0A-9CBB-6F7E111764AD}.Release|x64.Build.0 = Release|x64
		{1E800248-CEDC-4A0A-9CBB-6F7E111764AD}.Release|x86.ActiveCfg = Release|Win32
		{1E800248-CEDC-4A0A-9CBB-6F7E111764AD}.Release|x86.Build.0 = Release|Win32
		{48B1E8CA-1755-4C8F-B13D-72397E59A3B5}.Debug|x64.ActiveCfg = Debug|x64
		{48B1E8CA-1755-4C8F-B13D-72397E59A3B5}.Debug|x64.Build.0 = Debug|x64
		{48B1E8CA-1755-4C8F-B13D-72397E59A3B5}.Debug|x86.ActiveCfg = Debug|Win32
		{48B1E8CA-1755-4C8F-B13D-72397E59A3B5}.Debug|x86.Build.0 = Debug|Win32
		{48B1E8CA-1755-4C8F-B13D-72397E59A3B5}.Release|x64.ActiveCfg = Release|x64
		{48B1E8CA-1755-4C8F-B13D-72397E59A3B5}.Release|x64.Build.0 = Release|x64
		{48B1E8CA-1755-4C8F-B13D-72397E59A3B5}.Release|x86.ActiveCfg = Release|Win32
		{48B1E8CA-1755-4C8F-B13D-72397E59A3B5}.Release|x86.Build.0 = Release|Win32
		{1CCC8456-33B8-414F-AD48-E96CF0206A06}.Debug|x64.ActiveCfg = Debug|x64
		{1CCC8456-33B8-414F-AD48-E96CF0206A06}.Debug|x64.Build.0 = Debug|x64
		{1CCC8456-33B8-414F-AD48-E96CF0206A06}.Debug|x86.ActiveCfg = Debug|Win32
		{1CCC8456-33B8-414F-AD48-E96CF0206A06}.Debug|x86.Build.0 = Debug|Win32
		{1CCC8456-33B8-414F-AD48-E96CF0206A06}.Release|x64.ActiveCfg = Release|x64
		{1CCC8456-33B8-414F-AD48-E96CF0206A06}.Release|x64.Build.0 = Release|x64
		{1CCC8456-33B8-414F-AD48-E96CF0206A06}.Release|x86.ActiveCfg = Release|Win32
		{1CCC8456-33B8-414F-AD48-E96CF0206A06}.Release|x86.Build.0 = Release|Win32
		{B587C80A-5DF6-47D1-BAF6-81129AF6518B}.Debug|x64.ActiveCfg = Debug|x64
		{B587C80A-5DF6-47D1-BAF6-81129AF6518B}.Debug|x64.Build.0 = Debug|x64
		{B587C80A-5DF6-47D1-BAF6-81129AF6518B}.Debug|x86.ActiveCfg = Debug|Win32
		{B587C80A-5DF6-47D1-BAF6-81129AF6518B}.Debug|x86.Build.0 = Debug|Win32
		{B587C80A-5DF6-47D1-BAF6-81129AF6518B}.Release|x64.ActiveCfg = Release|x64
		{B587C80A-5DF6-47D1-BAF6-81129AF6518B}.Release|x64.Build.0 = Release|x64
		{B587C80A-5DF6-47D1-BAF6-81129AF6518B}.Release|x86.ActiveCfg = Release|Win32
		{B587C80A-5DF6-47D1-BAF6-81129AF6518B}.Release|x86.Build.0 = Release|Win32
		{2A862387-2C6B-4184-8D72-F9A3B49F25D0}.Debug|x64.ActiveCfg = Debug|x64
		{2A862387-2C6B-4184-8D72-F9A3B49F25D0}.Debug|x64.Build.0 = Debug|x64
		{2A862387-2C6B-4184-8D72-F9A3B49F25D0}.Debug|x86.ActiveCfg = Debug|Win32
		{2A862387-2C6B-4184-8D72-F9A3B49F25D0}.Debug|x86.Build.0 = Debug|Win32
		{2A862387-2C6B-4184-8D72-F9A3B49F25D0}.Release|x64.ActiveCfg = Release|x64
		{2A862387-2C6B-4184-8D72-F9A3B49F25D0}.Release|x64.Build.0 = Release|x64
		{2A862387-2C6B-4184-8D72-F9A3B49F25D0}.Release|x86.ActiveCfg = Release|Win32
		{2A862387-2C6B-4184-8D72-F9A3B49F25D0}.Release|x86.Build.0 = Release|Win32
		{37336C6C-E8F4-484A-B35E-06637D7ED0C7}.Debug|x64.ActiveCfg = Debug|x64
		{37336C6C-E8F4-484A-B35E-06637D7ED0C7}.Debug|x64.Build.0 = Debug|x64
		{37336C6C-E8F4-484A-B35E-06637D7ED0C7}.Debug|x86.ActiveCfg = Debug|Win32
		{37336C6C-E8F4-484A-B35E-06637D7ED0C7}.Debug|x86.Build.0 = Debug|Win32
		{37336C6C-E8F4-484A-B35E-06637D7ED0C7}.Release|x64.ActiveCfg = Release|x64
		{37336C6C-E8F4-484A-B35E-06637D7ED0C7}.Release|x64.Build.0 = Release|x64
		{37336C6C-E8F4-484A-B35E-06637D7ED0C7}.Release|x86.ActiveCfg = Release|Win32
		{37336C6C-E8F4-484A-B35E-06637D7ED0C7}.Release|x86.Build.0 = Release|Win32
		{D63A5FFD-9359-4670-B1AE-0D32C6E98C2D}.Debug|x64.ActiveCfg = Debug|x64
		{D63A5FFD-9359-4670-B1AE-0D32C6E98C2D}.Debug|x64.Build.0 = Debug|x64
		{D63A5FFD-9359-4670-B1AE-0D32C6E98C2D}.Debug|x86.ActiveCfg = Debug|Win32
		{D63A5FFD-9359-4670-B1AE-0D32C6E98C2D}.Debug|x86.Build.0 = Debug|Win32
		{D63A5FFD-9359-4670-B1AE-0D32C6E98C2D}.Release|x64.ActiveCfg = Release|x64
		{D63A5FFD-9359-4670-B1AE-0D32C6E98C2D}.Release|x64.Build.0 = Release|x64
		{D63A5FFD-9359-4670-B1AE-0D32C6E98C2D}.Release|x86.ActiveCfg = Release|Win32
		{D63A5FFD-9359-4670-B1AE-0D32C6E98C2D}.Release|x86.Build.0 = Release|Win32
		{746C7A62-7A4D-41BE-A0C9-DBA654FF4711}.Debug|x64.ActiveCfg = Debug|x64
		{746C7A62-7A4D-41BE-A0C9-DBA654FF4711}.Debug|x64.Build.0 = Debug|x64
		{746C7A62-7A4D-41BE-A0C9-DBA654FF4711}.Debug|x86.ActiveCfg = Debug|Win32
		{746C7A62-7A4D-41BE-A0C9-DBA654FF4711}.Debug|x86.Build.0 = Debug|Win32
		{746C7A62-7A4D-41BE-A0C9-DBA654FF4711}.Release|x64.ActiveCfg = Release|x64
		{746C7A62-7A4D-41BE-A0C9-DBA654FF4711}.Release|x64.Build.0 = Release|x64
		{746C7A62-7A4D-41BE-A0C9-DBA654FF4711}.Release|x86.ActiveCfg = Release|Win32
		{746C7A62-7A4D-41BE-A0C9-DBA654FF4711}.Release|x86.Build.0 = Release|Win32
		{A3A95AB9-8742-4126-93A7-5283ED58FA61}.Debug|x64.ActiveCfg = Debug|x64
		{A3A95AB9-8742-4126-93A7-5283ED58FA61}.Debug|x64.Build.0 = Debug|x64
		{A3A95AB9-8742-4126-93A7-5283ED58FA61}.Debug|x86.ActiveCfg = Debug|Win32
		{A3A95AB9-8742-4126-93A7-5283ED58FA61}.Debug|x86.Build.0 = Debug|Win32
		{A3A95AB9-8742-4126-93A7-5283ED58FA61}.Release|x64.ActiveCfg = Release|x64
		{A3A95AB9-8742-4126-93A7-5283ED58FA61}.Release|x64.Build.0 = Release|x64
		{A3A95AB9-8742-4126-93A7-5283ED58FA61}.Release|x86.ActiveCfg = Release|Win32
		{A3A95AB9-8742-4126-93A7-5283ED58FA61}.Release|x86.Build.0 = Release|Win32
		{8309D418-9440-4BB4-8C31-0B5DB165942A}.Debug|x64.ActiveCfg = Debug|x64
		{8309D418-9440-4BB4-8C31-0B5DB165942A}.Debug|x64.Build.0 = Debug|x64
		{8309D418-9440-4BB4-8C31-0B5DB165942A}.Debug|x86.ActiveCfg = Debug|Win32
		{8309D418-9440-4BB4-8C31-0B5DB165942A}.Debug|x86.Build.0 = Debug|Win32
		{8309D418-9440-4BB4-8C31-0B5DB165942A}.Release|x64.ActiveCfg = Release|x64
		{8309D418-9440-4BB4-8C31-0B5DB165942A}.Release|x64.Build.0 = Release|x64
		{8309D418-9440-4BB4-8C31-0B5DB165942A}.Release|x86.ActiveCfg = Release|Win32
		{8309D418-9440-4BB4-8C31-0B5DB165942A}.Release|x86.Build.0 = Release|Win32
		{428FE85F-5BDD-4BD3-B34E-8169C7B83203}.Debug|x64.ActiveCfg = Debug|x64
		{428FE85F-5BDD-4BD3-B34E-8169C7B83203}.Debug|x64.Build.0 = Debug|x64
		{428FE85F-5BDD-4BD3-B34E-8169C7B83203}.Debug|x86.ActiveCfg = Debug|Win32
		{428FE85F-5BDD-4BD3-B34E-8169C7B83203}.Debug|x86.Build.0 = Debug|Win32
		{428FE85F-5BDD-4BD3-B34E-8169C7B83203}.Release|x64.ActiveCfg = Release|x64
		{428FE85F-5BDD-4BD3-B34E-8169C7B83203}.Release|x64.Build.0 = Release|x64
		{428FE85F-5BDD-4BD3-B34E-8169C7B83203}.Release|x86.ActiveCfg = Release|Win32
		{428FE85F-5BDD-4BD3-B34E-8169C7B83203}.Release|x86.Build.0 = Release|Win32
	EndGlobalSection
	GlobalSection(SolutionProperties) = preSolution
		HideSolutionNode = FALSE
	EndGlobalSection
	GlobalSection(ExtensibilityGlobals) = postSolution
		SolutionGuid = {B09C12DC-4F8F-453E-8029-4F581ED8BA7D}
	EndGlobalSection
EndGlobal
